
Microsoft Visual Studio Solution File, Format Version 12.00
# Visual Studio 15
VisualStudioVersion = 15.0.28307.421
MinimumVisualStudioVersion = 10.0.40219.1
Project("{2150E333-8FDC-42A3-9474-1A3956D46DE8}") = "Web", "Web", "{FD1B6768-80CF-471D-96DF-24CFED2AE3F2}"
EndProject
Project("{2150E333-8FDC-42A3-9474-1A3956D46DE8}") = "Tests", "Tests", "{5DF5E496-9133-45A7-BB1C-8C2C884B9E40}"
EndProject
Project("{2150E333-8FDC-42A3-9474-1A3956D46DE8}") = "Core", "Core", "{0229F1A5-43BD-4FE9-9CCC-646CA014E9BC}"
EndProject
Project("{2150E333-8FDC-42A3-9474-1A3956D46DE8}") = ".root", ".root", "{2FC84932-EB35-428A-B952-51E891460C37}"
	ProjectSection(SolutionItems) = preProject
		build.fsx = build.fsx
		CreateOrResetSqlServerContainer.ps1 = CreateOrResetSqlServerContainer.ps1
		paket.dependencies = paket.dependencies
		paket.lock = paket.lock
	EndProjectSection
EndProject
Project("{9A19103F-16F7-4668-BE54-9A1E7A4F7556}") = "Homebank.Core", "src\Homebank.Core\Homebank.Core.csproj", "{3AF8BE58-DF4E-4D37-A2D5-F00E2C76CDA4}"
EndProject
Project("{9A19103F-16F7-4668-BE54-9A1E7A4F7556}") = "Homebank.Web", "src\Homebank.Web\Homebank.Web.csproj", "{2E6BD2E4-E352-496B-A6DA-2D0957E640AB}"
EndProject
Project("{FAE04EC0-301F-11D3-BF4B-00C04F79EFBC}") = "Homebank.Web.Tests", "tests\Homebank.Web.Tests\Homebank.Web.Tests.csproj", "{B32E060C-ACF4-4F69-AF59-41D33A8C9F0A}"
EndProject
Project("{FAE04EC0-301F-11D3-BF4B-00C04F79EFBC}") = "Homebank.Core.Tests", "tests\Homebank.Core.Tests\Homebank.Core.Tests.csproj", "{48A2E8A1-6E02-446C-B3AC-351D63ED6BE9}"
EndProject
Global
	GlobalSection(SolutionConfigurationPlatforms) = preSolution
		Debug|Any CPU = Debug|Any CPU
		Release|Any CPU = Release|Any CPU
	EndGlobalSection
	GlobalSection(ProjectConfigurationPlatforms) = postSolution
		{3AF8BE58-DF4E-4D37-A2D5-F00E2C76CDA4}.Debug|Any CPU.ActiveCfg = Debug|Any CPU
		{3AF8BE58-DF4E-4D37-A2D5-F00E2C76CDA4}.Debug|Any CPU.Build.0 = Debug|Any CPU
		{3AF8BE58-DF4E-4D37-A2D5-F00E2C76CDA4}.Release|Any CPU.ActiveCfg = Release|Any CPU
		{3AF8BE58-DF4E-4D37-A2D5-F00E2C76CDA4}.Release|Any CPU.Build.0 = Release|Any CPU
		{2E6BD2E4-E352-496B-A6DA-2D0957E640AB}.Debug|Any CPU.ActiveCfg = Debug|Any CPU
		{2E6BD2E4-E352-496B-A6DA-2D0957E640AB}.Debug|Any CPU.Build.0 = Debug|Any CPU
		{2E6BD2E4-E352-496B-A6DA-2D0957E640AB}.Release|Any CPU.ActiveCfg = Release|Any CPU
		{2E6BD2E4-E352-496B-A6DA-2D0957E640AB}.Release|Any CPU.Build.0 = Release|Any CPU
		{B32E060C-ACF4-4F69-AF59-41D33A8C9F0A}.Debug|Any CPU.ActiveCfg = Debug|Any CPU
		{B32E060C-ACF4-4F69-AF59-41D33A8C9F0A}.Debug|Any CPU.Build.0 = Debug|Any CPU
		{B32E060C-ACF4-4F69-AF59-41D33A8C9F0A}.Release|Any CPU.ActiveCfg = Release|Any CPU
		{B32E060C-ACF4-4F69-AF59-41D33A8C9F0A}.Release|Any CPU.Build.0 = Release|Any CPU
		{48A2E8A1-6E02-446C-B3AC-351D63ED6BE9}.Debug|Any CPU.ActiveCfg = Debug|Any CPU
		{48A2E8A1-6E02-446C-B3AC-351D63ED6BE9}.Debug|Any CPU.Build.0 = Debug|Any CPU
		{48A2E8A1-6E02-446C-B3AC-351D63ED6BE9}.Release|Any CPU.ActiveCfg = Release|Any CPU
		{48A2E8A1-6E02-446C-B3AC-351D63ED6BE9}.Release|Any CPU.Build.0 = Release|Any CPU
	EndGlobalSection
	GlobalSection(SolutionProperties) = preSolution
		HideSolutionNode = FALSE
	EndGlobalSection
	GlobalSection(NestedProjects) = preSolution
		{3AF8BE58-DF4E-4D37-A2D5-F00E2C76CDA4} = {0229F1A5-43BD-4FE9-9CCC-646CA014E9BC}
		{2E6BD2E4-E352-496B-A6DA-2D0957E640AB} = {FD1B6768-80CF-471D-96DF-24CFED2AE3F2}
		{B32E060C-ACF4-4F69-AF59-41D33A8C9F0A} = {5DF5E496-9133-45A7-BB1C-8C2C884B9E40}
		{48A2E8A1-6E02-446C-B3AC-351D63ED6BE9} = {5DF5E496-9133-45A7-BB1C-8C2C884B9E40}
	EndGlobalSection
	GlobalSection(ExtensibilityGlobals) = postSolution
		SolutionGuid = {C81D2CF3-F080-4EAA-A0F7-707650DDCE3C}
	EndGlobalSection
EndGlobal
