
Microsoft Visual Studio Solution File, Format Version 12.00
# Visual Studio 15
VisualStudioVersion = 15.0.28307.421
MinimumVisualStudioVersion = 10.0.40219.1
Project("{FAE04EC0-301F-11D3-BF4B-00C04F79EFBC}") = "Homebank.Web", "src\Homebank.Web\Homebank.Web.csproj", "{59B7D14B-EDAA-4333-8AF5-4E36F341A23D}"
EndProject
Project("{2150E333-8FDC-42A3-9474-1A3956D46DE8}") = "Web", "Web", "{FD1B6768-80CF-471D-96DF-24CFED2AE3F2}"
EndProject
Project("{2150E333-8FDC-42A3-9474-1A3956D46DE8}") = "Tests", "Tests", "{5DF5E496-9133-45A7-BB1C-8C2C884B9E40}"
EndProject
Project("{2150E333-8FDC-42A3-9474-1A3956D46DE8}") = "Core", "Core", "{0229F1A5-43BD-4FE9-9CCC-646CA014E9BC}"
EndProject
Project("{2150E333-8FDC-42A3-9474-1A3956D46DE8}") = ".root", ".root", "{2FC84932-EB35-428A-B952-51E891460C37}"
	ProjectSection(SolutionItems) = preProject
		build.fsx = build.fsx
		CreateOrResetSqlServerContainer.ps1 = CreateOrResetSqlServerContainer.ps1
		paket.dependencies = paket.dependencies
		paket.lock = paket.lock
	EndProjectSection
EndProject
Project("{FAE04EC0-301F-11D3-BF4B-00C04F79EFBC}") = "Homebank.Core", "src\Homebank.Core\Homebank.Core.csproj", "{225E40B9-1B1B-4171-B086-6B0A66199E8D}"
EndProject
Project("{FAE04EC0-301F-11D3-BF4B-00C04F79EFBC}") = "Homebank.Core.Tests", "tests\Homebank.Core.Tests\Homebank.Core.Tests.csproj", "{21897A52-EC49-4B2F-B46C-EF36D913F871}"
EndProject
Global
	GlobalSection(SolutionConfigurationPlatforms) = preSolution
		Debug|Any CPU = Debug|Any CPU
		Release|Any CPU = Release|Any CPU
	EndGlobalSection
	GlobalSection(ProjectConfigurationPlatforms) = postSolution
		{59B7D14B-EDAA-4333-8AF5-4E36F341A23D}.Debug|Any CPU.ActiveCfg = Debug|Any CPU
		{59B7D14B-EDAA-4333-8AF5-4E36F341A23D}.Debug|Any CPU.Build.0 = Debug|Any CPU
		{59B7D14B-EDAA-4333-8AF5-4E36F341A23D}.Release|Any CPU.ActiveCfg = Release|Any CPU
		{59B7D14B-EDAA-4333-8AF5-4E36F341A23D}.Release|Any CPU.Build.0 = Release|Any CPU
		{225E40B9-1B1B-4171-B086-6B0A66199E8D}.Debug|Any CPU.ActiveCfg = Debug|Any CPU
		{225E40B9-1B1B-4171-B086-6B0A66199E8D}.Debug|Any CPU.Build.0 = Debug|Any CPU
		{225E40B9-1B1B-4171-B086-6B0A66199E8D}.Release|Any CPU.ActiveCfg = Release|Any CPU
		{225E40B9-1B1B-4171-B086-6B0A66199E8D}.Release|Any CPU.Build.0 = Release|Any CPU
		{21897A52-EC49-4B2F-B46C-EF36D913F871}.Debug|Any CPU.ActiveCfg = Debug|Any CPU
		{21897A52-EC49-4B2F-B46C-EF36D913F871}.Debug|Any CPU.Build.0 = Debug|Any CPU
		{21897A52-EC49-4B2F-B46C-EF36D913F871}.Release|Any CPU.ActiveCfg = Release|Any CPU
		{21897A52-EC49-4B2F-B46C-EF36D913F871}.Release|Any CPU.Build.0 = Release|Any CPU
	EndGlobalSection
	GlobalSection(SolutionProperties) = preSolution
		HideSolutionNode = FALSE
	EndGlobalSection
	GlobalSection(NestedProjects) = preSolution
		{59B7D14B-EDAA-4333-8AF5-4E36F341A23D} = {FD1B6768-80CF-471D-96DF-24CFED2AE3F2}
		{225E40B9-1B1B-4171-B086-6B0A66199E8D} = {0229F1A5-43BD-4FE9-9CCC-646CA014E9BC}
		{21897A52-EC49-4B2F-B46C-EF36D913F871} = {5DF5E496-9133-45A7-BB1C-8C2C884B9E40}
	EndGlobalSection
	GlobalSection(ExtensibilityGlobals) = postSolution
		SolutionGuid = {C81D2CF3-F080-4EAA-A0F7-707650DDCE3C}
	EndGlobalSection
EndGlobal
